
Microsoft Visual Studio Solution File, Format Version 12.00
# Visual Studio 15
VisualStudioVersion = 15.0.28307.1022
MinimumVisualStudioVersion = 10.0.40219.1
Project("{FAE04EC0-301F-11D3-BF4B-00C04F79EFBC}") = "CourseEx1EnumComp", "CourseEx1EnumComp\CourseEx1EnumComp.csproj", "{EBE74F8D-B521-4EF0-B015-A643243CC128}"
EndProject
Global
	GlobalSection(SolutionConfigurationPlatforms) = preSolution
		Debug|Any CPU = Debug|Any CPU
		Release|Any CPU = Release|Any CPU
	EndGlobalSection
	GlobalSection(ProjectConfigurationPlatforms) = postSolution
		{EBE74F8D-B521-4EF0-B015-A643243CC128}.Debug|Any CPU.ActiveCfg = Debug|Any CPU
		{EBE74F8D-B521-4EF0-B015-A643243CC128}.Debug|Any CPU.Build.0 = Debug|Any CPU
		{EBE74F8D-B521-4EF0-B015-A643243CC128}.Release|Any CPU.ActiveCfg = Release|Any CPU
		{EBE74F8D-B521-4EF0-B015-A643243CC128}.Release|Any CPU.Build.0 = Release|Any CPU
	EndGlobalSection
	GlobalSection(SolutionProperties) = preSolution
		HideSolutionNode = FALSE
	EndGlobalSection
	GlobalSection(ExtensibilityGlobals) = postSolution
		SolutionGuid = {13765940-90B5-45CE-AD31-5DDEB9BCDA29}
	EndGlobalSection
EndGlobal
